// !$*UTF8*$!
{
	archiveVersion = 1;
	classes = {
	};
	objectVersion = 55;
	objects = {

/* Begin PBXBuildFile section */
		941337DE288855AB00AB3F2E /* MKCoordinateRegion.swift in Sources */ = {isa = PBXBuildFile; fileRef = 941337DD288855AB00AB3F2E /* MKCoordinateRegion.swift */; };
		941337E22889534E00AB3F2E /* AdDetails.swift in Sources */ = {isa = PBXBuildFile; fileRef = 941337E12889534E00AB3F2E /* AdDetails.swift */; };
		941337E928898D9C00AB3F2E /* ChatListView.swift in Sources */ = {isa = PBXBuildFile; fileRef = 941337E828898D9C00AB3F2E /* ChatListView.swift */; };
		941337ED28898E9C00AB3F2E /* UserProfile.swift in Sources */ = {isa = PBXBuildFile; fileRef = 941337EC28898E9C00AB3F2E /* UserProfile.swift */; };
		941337EF28898EE100AB3F2E /* Message.swift in Sources */ = {isa = PBXBuildFile; fileRef = 941337EE28898EE100AB3F2E /* Message.swift */; };
		941337F128898F6E00AB3F2E /* ConversationManager.swift in Sources */ = {isa = PBXBuildFile; fileRef = 941337F028898F6E00AB3F2E /* ConversationManager.swift */; };
		942194CF2887137E0001A857 /* BookrificApp.swift in Sources */ = {isa = PBXBuildFile; fileRef = 942194CE2887137E0001A857 /* BookrificApp.swift */; };
		942194D12887137E0001A857 /* ContentView.swift in Sources */ = {isa = PBXBuildFile; fileRef = 942194D02887137E0001A857 /* ContentView.swift */; };
		942194D3288713810001A857 /* Assets.xcassets in Resources */ = {isa = PBXBuildFile; fileRef = 942194D2288713810001A857 /* Assets.xcassets */; };
		942194D6288713810001A857 /* Preview Assets.xcassets in Resources */ = {isa = PBXBuildFile; fileRef = 942194D5288713810001A857 /* Preview Assets.xcassets */; };
		942194DD288716EF0001A857 /* BookMap.swift in Sources */ = {isa = PBXBuildFile; fileRef = 942194DC288716EF0001A857 /* BookMap.swift */; };
		942194E1288729C40001A857 /* LocationManager.swift in Sources */ = {isa = PBXBuildFile; fileRef = 942194E0288729C40001A857 /* LocationManager.swift */; };
		942194E4288730740001A857 /* Ad.swift in Sources */ = {isa = PBXBuildFile; fileRef = 942194E3288730740001A857 /* Ad.swift */; };
		942194E6288731630001A857 /* AdManager.swift in Sources */ = {isa = PBXBuildFile; fileRef = 942194E5288731630001A857 /* AdManager.swift */; };
		94A2E184288BF6D400D93379 /* SwitchProposal.swift in Sources */ = {isa = PBXBuildFile; fileRef = 94A2E183288BF6D400D93379 /* SwitchProposal.swift */; };
		94A2E188288BF74000D93379 /* Book.swift in Sources */ = {isa = PBXBuildFile; fileRef = 94A2E187288BF74000D93379 /* Book.swift */; };
		94AC1CDC288AB5C20040715F /* Conversation.swift in Sources */ = {isa = PBXBuildFile; fileRef = 94AC1CDB288AB5C20040715F /* Conversation.swift */; };
		94B5E8C2288B0B8700827F32 /* DB.swift in Sources */ = {isa = PBXBuildFile; fileRef = 94B5E8C1288B0B8700827F32 /* DB.swift */; };
		94B6DC51288ABC0100010026 /* BookMapView.swift in Sources */ = {isa = PBXBuildFile; fileRef = 94B6DC50288ABC0100010026 /* BookMapView.swift */; };
		94B6DC53288AC0A600010026 /* MessageContentView.swift in Sources */ = {isa = PBXBuildFile; fileRef = 94B6DC52288AC0A600010026 /* MessageContentView.swift */; };
		94B6DC55288AC0FF00010026 /* MessageView.swift in Sources */ = {isa = PBXBuildFile; fileRef = 94B6DC54288AC0FF00010026 /* MessageView.swift */; };
		94B6DC57288AC2AB00010026 /* ChatView.swift in Sources */ = {isa = PBXBuildFile; fileRef = 94B6DC56288AC2AB00010026 /* ChatView.swift */; };
/* End PBXBuildFile section */

/* Begin PBXFileReference section */
		941337DD288855AB00AB3F2E /* MKCoordinateRegion.swift */ = {isa = PBXFileReference; lastKnownFileType = sourcecode.swift; path = MKCoordinateRegion.swift; sourceTree = "<group>"; };
		941337E12889534E00AB3F2E /* AdDetails.swift */ = {isa = PBXFileReference; lastKnownFileType = sourcecode.swift; path = AdDetails.swift; sourceTree = "<group>"; };
		941337E828898D9C00AB3F2E /* ChatListView.swift */ = {isa = PBXFileReference; lastKnownFileType = sourcecode.swift; path = ChatListView.swift; sourceTree = "<group>"; };
		941337EC28898E9C00AB3F2E /* UserProfile.swift */ = {isa = PBXFileReference; lastKnownFileType = sourcecode.swift; path = UserProfile.swift; sourceTree = "<group>"; };
		941337EE28898EE100AB3F2E /* Message.swift */ = {isa = PBXFileReference; lastKnownFileType = sourcecode.swift; path = Message.swift; sourceTree = "<group>"; };
		941337F028898F6E00AB3F2E /* ConversationManager.swift */ = {isa = PBXFileReference; lastKnownFileType = sourcecode.swift; path = ConversationManager.swift; sourceTree = "<group>"; };
		942194CB2887137E0001A857 /* Bookrific.app */ = {isa = PBXFileReference; explicitFileType = wrapper.application; includeInIndex = 0; path = Bookrific.app; sourceTree = BUILT_PRODUCTS_DIR; };
		942194CE2887137E0001A857 /* BookrificApp.swift */ = {isa = PBXFileReference; lastKnownFileType = sourcecode.swift; path = BookrificApp.swift; sourceTree = "<group>"; };
		942194D02887137E0001A857 /* ContentView.swift */ = {isa = PBXFileReference; lastKnownFileType = sourcecode.swift; path = ContentView.swift; sourceTree = "<group>"; };
		942194D2288713810001A857 /* Assets.xcassets */ = {isa = PBXFileReference; lastKnownFileType = folder.assetcatalog; path = Assets.xcassets; sourceTree = "<group>"; };
		942194D5288713810001A857 /* Preview Assets.xcassets */ = {isa = PBXFileReference; lastKnownFileType = folder.assetcatalog; path = "Preview Assets.xcassets"; sourceTree = "<group>"; };
		942194DC288716EF0001A857 /* BookMap.swift */ = {isa = PBXFileReference; lastKnownFileType = sourcecode.swift; path = BookMap.swift; sourceTree = "<group>"; };
		942194E0288729C40001A857 /* LocationManager.swift */ = {isa = PBXFileReference; lastKnownFileType = sourcecode.swift; path = LocationManager.swift; sourceTree = "<group>"; };
		942194E3288730740001A857 /* Ad.swift */ = {isa = PBXFileReference; lastKnownFileType = sourcecode.swift; path = Ad.swift; sourceTree = "<group>"; };
		942194E5288731630001A857 /* AdManager.swift */ = {isa = PBXFileReference; lastKnownFileType = sourcecode.swift; path = AdManager.swift; sourceTree = "<group>"; };
		94A2E183288BF6D400D93379 /* SwitchProposal.swift */ = {isa = PBXFileReference; lastKnownFileType = sourcecode.swift; path = SwitchProposal.swift; sourceTree = "<group>"; };
		94A2E187288BF74000D93379 /* Book.swift */ = {isa = PBXFileReference; lastKnownFileType = sourcecode.swift; path = Book.swift; sourceTree = "<group>"; };
		94AC1CDB288AB5C20040715F /* Conversation.swift */ = {isa = PBXFileReference; lastKnownFileType = sourcecode.swift; path = Conversation.swift; sourceTree = "<group>"; };
		94B5E8C1288B0B8700827F32 /* DB.swift */ = {isa = PBXFileReference; lastKnownFileType = sourcecode.swift; path = DB.swift; sourceTree = "<group>"; };
		94B6DC50288ABC0100010026 /* BookMapView.swift */ = {isa = PBXFileReference; lastKnownFileType = sourcecode.swift; path = BookMapView.swift; sourceTree = "<group>"; };
		94B6DC52288AC0A600010026 /* MessageContentView.swift */ = {isa = PBXFileReference; lastKnownFileType = sourcecode.swift; path = MessageContentView.swift; sourceTree = "<group>"; };
		94B6DC54288AC0FF00010026 /* MessageView.swift */ = {isa = PBXFileReference; lastKnownFileType = sourcecode.swift; path = MessageView.swift; sourceTree = "<group>"; };
		94B6DC56288AC2AB00010026 /* ChatView.swift */ = {isa = PBXFileReference; lastKnownFileType = sourcecode.swift; path = ChatView.swift; sourceTree = "<group>"; };
/* End PBXFileReference section */

/* Begin PBXFrameworksBuildPhase section */
		942194C82887137E0001A857 /* Frameworks */ = {
			isa = PBXFrameworksBuildPhase;
			buildActionMask = 2147483647;
			files = (
			);
			runOnlyForDeploymentPostprocessing = 0;
		};
/* End PBXFrameworksBuildPhase section */

/* Begin PBXGroup section */
		941337E32889757800AB3F2E /* Map */ = {
			isa = PBXGroup;
			children = (
				941337E42889759800AB3F2E /* LocationManager */,
				941337E628898D7A00AB3F2E /* AdManager */,
				942194DC288716EF0001A857 /* BookMap.swift */,
				941337E12889534E00AB3F2E /* AdDetails.swift */,
				94B6DC50288ABC0100010026 /* BookMapView.swift */,
				94A2E183288BF6D400D93379 /* SwitchProposal.swift */,
			);
			path = Map;
			sourceTree = "<group>";
		};
		941337E42889759800AB3F2E /* LocationManager */ = {
			isa = PBXGroup;
			children = (
				942194E0288729C40001A857 /* LocationManager.swift */,
			);
			path = LocationManager;
			sourceTree = "<group>";
		};
		941337E628898D7A00AB3F2E /* AdManager */ = {
			isa = PBXGroup;
			children = (
				942194E5288731630001A857 /* AdManager.swift */,
			);
			path = AdManager;
			sourceTree = "<group>";
		};
		941337E728898D9000AB3F2E /* Chat */ = {
			isa = PBXGroup;
			children = (
				941337E828898D9C00AB3F2E /* ChatListView.swift */,
				941337F028898F6E00AB3F2E /* ConversationManager.swift */,
				94B6DC52288AC0A600010026 /* MessageContentView.swift */,
				94B6DC54288AC0FF00010026 /* MessageView.swift */,
				94B6DC56288AC2AB00010026 /* ChatView.swift */,
			);
			path = Chat;
			sourceTree = "<group>";
		};
		942194C22887137E0001A857 = {
			isa = PBXGroup;
			children = (
				942194CD2887137E0001A857 /* Bookrific */,
				942194CC2887137E0001A857 /* Products */,
			);
			sourceTree = "<group>";
		};
		942194CC2887137E0001A857 /* Products */ = {
			isa = PBXGroup;
			children = (
				942194CB2887137E0001A857 /* Bookrific.app */,
			);
			name = Products;
			sourceTree = "<group>";
		};
		942194CD2887137E0001A857 /* Bookrific */ = {
			isa = PBXGroup;
			children = (
				94A2E186288BF71A00D93379 /* Models */,
				941337E728898D9000AB3F2E /* Chat */,
				942194E7288855250001A857 /* Extensions */,
				942194CE2887137E0001A857 /* BookrificApp.swift */,
				94A2E185288BF70100D93379 /* Database */,
				942194D02887137E0001A857 /* ContentView.swift */,
				941337E32889757800AB3F2E /* Map */,
				942194D2288713810001A857 /* Assets.xcassets */,
				942194D4288713810001A857 /* Preview Content */,
			);
			path = Bookrific;
			sourceTree = "<group>";
		};
		942194D4288713810001A857 /* Preview Content */ = {
			isa = PBXGroup;
			children = (
				942194D5288713810001A857 /* Preview Assets.xcassets */,
			);
			path = "Preview Content";
			sourceTree = "<group>";
		};
		942194E7288855250001A857 /* Extensions */ = {
			isa = PBXGroup;
			children = (
				941337DD288855AB00AB3F2E /* MKCoordinateRegion.swift */,
			);
			path = Extensions;
			sourceTree = "<group>";
		};
		94A2E185288BF70100D93379 /* Database */ = {
			isa = PBXGroup;
			children = (
				94B5E8C1288B0B8700827F32 /* DB.swift */,
			);
			path = Database;
			sourceTree = "<group>";
		};
		94A2E186288BF71A00D93379 /* Models */ = {
			isa = PBXGroup;
			children = (
				941337EC28898E9C00AB3F2E /* UserProfile.swift */,
				941337EE28898EE100AB3F2E /* Message.swift */,
				94AC1CDB288AB5C20040715F /* Conversation.swift */,
				942194E3288730740001A857 /* Ad.swift */,
				94A2E187288BF74000D93379 /* Book.swift */,
			);
			path = Models;
			sourceTree = "<group>";
		};
/* End PBXGroup section */

/* Begin PBXNativeTarget section */
		942194CA2887137E0001A857 /* Bookrific */ = {
			isa = PBXNativeTarget;
			buildConfigurationList = 942194D9288713810001A857 /* Build configuration list for PBXNativeTarget "Bookrific" */;
			buildPhases = (
				942194C72887137E0001A857 /* Sources */,
				942194C82887137E0001A857 /* Frameworks */,
				942194C92887137E0001A857 /* Resources */,
			);
			buildRules = (
			);
			dependencies = (
			);
			name = Bookrific;
			productName = Bookrific;
			productReference = 942194CB2887137E0001A857 /* Bookrific.app */;
			productType = "com.apple.product-type.application";
		};
/* End PBXNativeTarget section */

/* Begin PBXProject section */
		942194C32887137E0001A857 /* Project object */ = {
			isa = PBXProject;
			attributes = {
				BuildIndependentTargetsInParallel = 1;
				LastSwiftUpdateCheck = 1340;
				LastUpgradeCheck = 1340;
				TargetAttributes = {
					942194CA2887137E0001A857 = {
						CreatedOnToolsVersion = 13.4.1;
					};
				};
			};
			buildConfigurationList = 942194C62887137E0001A857 /* Build configuration list for PBXProject "Bookrific" */;
			compatibilityVersion = "Xcode 13.0";
			developmentRegion = en;
			hasScannedForEncodings = 0;
			knownRegions = (
				en,
				Base,
			);
			mainGroup = 942194C22887137E0001A857;
			productRefGroup = 942194CC2887137E0001A857 /* Products */;
			projectDirPath = "";
			projectRoot = "";
			targets = (
				942194CA2887137E0001A857 /* Bookrific */,
			);
		};
/* End PBXProject section */

/* Begin PBXResourcesBuildPhase section */
		942194C92887137E0001A857 /* Resources */ = {
			isa = PBXResourcesBuildPhase;
			buildActionMask = 2147483647;
			files = (
				942194D6288713810001A857 /* Preview Assets.xcassets in Resources */,
				942194D3288713810001A857 /* Assets.xcassets in Resources */,
			);
			runOnlyForDeploymentPostprocessing = 0;
		};
/* End PBXResourcesBuildPhase section */

/* Begin PBXSourcesBuildPhase section */
		942194C72887137E0001A857 /* Sources */ = {
			isa = PBXSourcesBuildPhase;
			buildActionMask = 2147483647;
			files = (
				941337DE288855AB00AB3F2E /* MKCoordinateRegion.swift in Sources */,
				942194E6288731630001A857 /* AdManager.swift in Sources */,
				94A2E188288BF74000D93379 /* Book.swift in Sources */,
				942194E1288729C40001A857 /* LocationManager.swift in Sources */,
				942194D12887137E0001A857 /* ContentView.swift in Sources */,
				941337E928898D9C00AB3F2E /* ChatListView.swift in Sources */,
				94B6DC53288AC0A600010026 /* MessageContentView.swift in Sources */,
				941337F128898F6E00AB3F2E /* ConversationManager.swift in Sources */,
				941337ED28898E9C00AB3F2E /* UserProfile.swift in Sources */,
				942194E4288730740001A857 /* Ad.swift in Sources */,
				941337E22889534E00AB3F2E /* AdDetails.swift in Sources */,
				942194CF2887137E0001A857 /* BookrificApp.swift in Sources */,
				94B6DC51288ABC0100010026 /* BookMapView.swift in Sources */,
				94A2E184288BF6D400D93379 /* SwitchProposal.swift in Sources */,
				94B6DC57288AC2AB00010026 /* ChatView.swift in Sources */,
				94B6DC55288AC0FF00010026 /* MessageView.swift in Sources */,
				941337EF28898EE100AB3F2E /* Message.swift in Sources */,
				94B5E8C2288B0B8700827F32 /* DB.swift in Sources */,
				942194DD288716EF0001A857 /* BookMap.swift in Sources */,
				94AC1CDC288AB5C20040715F /* Conversation.swift in Sources */,
			);
			runOnlyForDeploymentPostprocessing = 0;
		};
/* End PBXSourcesBuildPhase section */

/* Begin XCBuildConfiguration section */
		942194D7288713810001A857 /* Debug */ = {
			isa = XCBuildConfiguration;
			buildSettings = {
				ALWAYS_SEARCH_USER_PATHS = NO;
				CLANG_ANALYZER_NONNULL = YES;
				CLANG_ANALYZER_NUMBER_OBJECT_CONVERSION = YES_AGGRESSIVE;
				CLANG_CXX_LANGUAGE_STANDARD = "gnu++17";
				CLANG_ENABLE_MODULES = YES;
				CLANG_ENABLE_OBJC_ARC = YES;
				CLANG_ENABLE_OBJC_WEAK = YES;
				CLANG_WARN_BLOCK_CAPTURE_AUTORELEASING = YES;
				CLANG_WARN_BOOL_CONVERSION = YES;
				CLANG_WARN_COMMA = YES;
				CLANG_WARN_CONSTANT_CONVERSION = YES;
				CLANG_WARN_DEPRECATED_OBJC_IMPLEMENTATIONS = YES;
				CLANG_WARN_DIRECT_OBJC_ISA_USAGE = YES_ERROR;
				CLANG_WARN_DOCUMENTATION_COMMENTS = YES;
				CLANG_WARN_EMPTY_BODY = YES;
				CLANG_WARN_ENUM_CONVERSION = YES;
				CLANG_WARN_INFINITE_RECURSION = YES;
				CLANG_WARN_INT_CONVERSION = YES;
				CLANG_WARN_NON_LITERAL_NULL_CONVERSION = YES;
				CLANG_WARN_OBJC_IMPLICIT_RETAIN_SELF = YES;
				CLANG_WARN_OBJC_LITERAL_CONVERSION = YES;
				CLANG_WARN_OBJC_ROOT_CLASS = YES_ERROR;
				CLANG_WARN_QUOTED_INCLUDE_IN_FRAMEWORK_HEADER = YES;
				CLANG_WARN_RANGE_LOOP_ANALYSIS = YES;
				CLANG_WARN_STRICT_PROTOTYPES = YES;
				CLANG_WARN_SUSPICIOUS_MOVE = YES;
				CLANG_WARN_UNGUARDED_AVAILABILITY = YES_AGGRESSIVE;
				CLANG_WARN_UNREACHABLE_CODE = YES;
				CLANG_WARN__DUPLICATE_METHOD_MATCH = YES;
				COPY_PHASE_STRIP = NO;
				DEBUG_INFORMATION_FORMAT = dwarf;
				ENABLE_STRICT_OBJC_MSGSEND = YES;
				ENABLE_TESTABILITY = YES;
				GCC_C_LANGUAGE_STANDARD = gnu11;
				GCC_DYNAMIC_NO_PIC = NO;
				GCC_NO_COMMON_BLOCKS = YES;
				GCC_OPTIMIZATION_LEVEL = 0;
				GCC_PREPROCESSOR_DEFINITIONS = (
					"DEBUG=1",
					"$(inherited)",
				);
				GCC_WARN_64_TO_32_BIT_CONVERSION = YES;
				GCC_WARN_ABOUT_RETURN_TYPE = YES_ERROR;
				GCC_WARN_UNDECLARED_SELECTOR = YES;
				GCC_WARN_UNINITIALIZED_AUTOS = YES_AGGRESSIVE;
				GCC_WARN_UNUSED_FUNCTION = YES;
				GCC_WARN_UNUSED_VARIABLE = YES;
				IPHONEOS_DEPLOYMENT_TARGET = 15.5;
				MTL_ENABLE_DEBUG_INFO = INCLUDE_SOURCE;
				MTL_FAST_MATH = YES;
				ONLY_ACTIVE_ARCH = YES;
				SDKROOT = iphoneos;
				SWIFT_ACTIVE_COMPILATION_CONDITIONS = DEBUG;
				SWIFT_OPTIMIZATION_LEVEL = "-Onone";
			};
			name = Debug;
		};
		942194D8288713810001A857 /* Release */ = {
			isa = XCBuildConfiguration;
			buildSettings = {
				ALWAYS_SEARCH_USER_PATHS = NO;
				CLANG_ANALYZER_NONNULL = YES;
				CLANG_ANALYZER_NUMBER_OBJECT_CONVERSION = YES_AGGRESSIVE;
				CLANG_CXX_LANGUAGE_STANDARD = "gnu++17";
				CLANG_ENABLE_MODULES = YES;
				CLANG_ENABLE_OBJC_ARC = YES;
				CLANG_ENABLE_OBJC_WEAK = YES;
				CLANG_WARN_BLOCK_CAPTURE_AUTORELEASING = YES;
				CLANG_WARN_BOOL_CONVERSION = YES;
				CLANG_WARN_COMMA = YES;
				CLANG_WARN_CONSTANT_CONVERSION = YES;
				CLANG_WARN_DEPRECATED_OBJC_IMPLEMENTATIONS = YES;
				CLANG_WARN_DIRECT_OBJC_ISA_USAGE = YES_ERROR;
				CLANG_WARN_DOCUMENTATION_COMMENTS = YES;
				CLANG_WARN_EMPTY_BODY = YES;
				CLANG_WARN_ENUM_CONVERSION = YES;
				CLANG_WARN_INFINITE_RECURSION = YES;
				CLANG_WARN_INT_CONVERSION = YES;
				CLANG_WARN_NON_LITERAL_NULL_CONVERSION = YES;
				CLANG_WARN_OBJC_IMPLICIT_RETAIN_SELF = YES;
				CLANG_WARN_OBJC_LITERAL_CONVERSION = YES;
				CLANG_WARN_OBJC_ROOT_CLASS = YES_ERROR;
				CLANG_WARN_QUOTED_INCLUDE_IN_FRAMEWORK_HEADER = YES;
				CLANG_WARN_RANGE_LOOP_ANALYSIS = YES;
				CLANG_WARN_STRICT_PROTOTYPES = YES;
				CLANG_WARN_SUSPICIOUS_MOVE = YES;
				CLANG_WARN_UNGUARDED_AVAILABILITY = YES_AGGRESSIVE;
				CLANG_WARN_UNREACHABLE_CODE = YES;
				CLANG_WARN__DUPLICATE_METHOD_MATCH = YES;
				COPY_PHASE_STRIP = NO;
				DEBUG_INFORMATION_FORMAT = "dwarf-with-dsym";
				ENABLE_NS_ASSERTIONS = NO;
				ENABLE_STRICT_OBJC_MSGSEND = YES;
				GCC_C_LANGUAGE_STANDARD = gnu11;
				GCC_NO_COMMON_BLOCKS = YES;
				GCC_WARN_64_TO_32_BIT_CONVERSION = YES;
				GCC_WARN_ABOUT_RETURN_TYPE = YES_ERROR;
				GCC_WARN_UNDECLARED_SELECTOR = YES;
				GCC_WARN_UNINITIALIZED_AUTOS = YES_AGGRESSIVE;
				GCC_WARN_UNUSED_FUNCTION = YES;
				GCC_WARN_UNUSED_VARIABLE = YES;
				IPHONEOS_DEPLOYMENT_TARGET = 15.5;
				MTL_ENABLE_DEBUG_INFO = NO;
				MTL_FAST_MATH = YES;
				SDKROOT = iphoneos;
				SWIFT_COMPILATION_MODE = wholemodule;
				SWIFT_OPTIMIZATION_LEVEL = "-O";
				VALIDATE_PRODUCT = YES;
			};
			name = Release;
		};
		942194DA288713810001A857 /* Debug */ = {
			isa = XCBuildConfiguration;
			buildSettings = {
				ASSETCATALOG_COMPILER_APPICON_NAME = AppIcon;
				ASSETCATALOG_COMPILER_GLOBAL_ACCENT_COLOR_NAME = AccentColor;
				CODE_SIGN_STYLE = Automatic;
				CURRENT_PROJECT_VERSION = 1;
				DEVELOPMENT_ASSET_PATHS = "\"Bookrific/Preview Content\"";
				DEVELOPMENT_TEAM = 6GCHYY4YGP;
				ENABLE_PREVIEWS = YES;
				GENERATE_INFOPLIST_FILE = YES;
				INFOPLIST_FILE = Bookrific/Info.plist;
				INFOPLIST_KEY_NSLocationWhenInUseUsageDescription = "Consentire l'accesso alla posizione?";
				INFOPLIST_KEY_UIApplicationSceneManifest_Generation = YES;
				INFOPLIST_KEY_UIApplicationSupportsIndirectInputEvents = YES;
				INFOPLIST_KEY_UILaunchScreen_Generation = YES;
				INFOPLIST_KEY_UISupportedInterfaceOrientations = "";
				INFOPLIST_KEY_UISupportedInterfaceOrientations_iPad = "UIInterfaceOrientationPortrait UIInterfaceOrientationPortraitUpsideDown UIInterfaceOrientationLandscapeLeft UIInterfaceOrientationLandscapeRight";
				INFOPLIST_KEY_UISupportedInterfaceOrientations_iPhone = "UIInterfaceOrientationPortrait UIInterfaceOrientationLandscapeLeft UIInterfaceOrientationLandscapeRight";
				LD_RUNPATH_SEARCH_PATHS = (
					"$(inherited)",
					"@executable_path/Frameworks",
				);
				MARKETING_VERSION = 1.0;
				PRODUCT_BUNDLE_IDENTIFIER = dev.prisco.Bookrific;
				PRODUCT_NAME = "$(TARGET_NAME)";
				SWIFT_EMIT_LOC_STRINGS = YES;
				SWIFT_VERSION = 5.0;
				TARGETED_DEVICE_FAMILY = "1,2";
			};
			name = Debug;
		};
		942194DB288713810001A857 /* Release */ = {
			isa = XCBuildConfiguration;
			buildSettings = {
				ASSETCATALOG_COMPILER_APPICON_NAME = AppIcon;
				ASSETCATALOG_COMPILER_GLOBAL_ACCENT_COLOR_NAME = AccentColor;
				CODE_SIGN_STYLE = Automatic;
				CURRENT_PROJECT_VERSION = 1;
				DEVELOPMENT_ASSET_PATHS = "\"Bookrific/Preview Content\"";
				DEVELOPMENT_TEAM = 6GCHYY4YGP;
				ENABLE_PREVIEWS = YES;
				GENERATE_INFOPLIST_FILE = YES;
				INFOPLIST_FILE = Bookrific/Info.plist;
				INFOPLIST_KEY_NSLocationWhenInUseUsageDescription = "Consentire l'accesso alla posizione?";
				INFOPLIST_KEY_UIApplicationSceneManifest_Generation = YES;
				INFOPLIST_KEY_UIApplicationSupportsIndirectInputEvents = YES;
				INFOPLIST_KEY_UILaunchScreen_Generation = YES;
				INFOPLIST_KEY_UISupportedInterfaceOrientations = "";
				INFOPLIST_KEY_UISupportedInterfaceOrientations_iPad = "UIInterfaceOrientationPortrait UIInterfaceOrientationPortraitUpsideDown UIInterfaceOrientationLandscapeLeft UIInterfaceOrientationLandscapeRight";
				INFOPLIST_KEY_UISupportedInterfaceOrientations_iPhone = "UIInterfaceOrientationPortrait UIInterfaceOrientationLandscapeLeft UIInterfaceOrientationLandscapeRight";
				LD_RUNPATH_SEARCH_PATHS = (
					"$(inherited)",
					"@executable_path/Frameworks",
				);
				MARKETING_VERSION = 1.0;
				PRODUCT_BUNDLE_IDENTIFIER = dev.prisco.Bookrific;
				PRODUCT_NAME = "$(TARGET_NAME)";
				SWIFT_EMIT_LOC_STRINGS = YES;
				SWIFT_VERSION = 5.0;
				TARGETED_DEVICE_FAMILY = "1,2";
			};
			name = Release;
		};
/* End XCBuildConfiguration section */

/* Begin XCConfigurationList section */
		942194C62887137E0001A857 /* Build configuration list for PBXProject "Bookrific" */ = {
			isa = XCConfigurationList;
			buildConfigurations = (
				942194D7288713810001A857 /* Debug */,
				942194D8288713810001A857 /* Release */,
			);
			defaultConfigurationIsVisible = 0;
			defaultConfigurationName = Release;
		};
		942194D9288713810001A857 /* Build configuration list for PBXNativeTarget "Bookrific" */ = {
			isa = XCConfigurationList;
			buildConfigurations = (
				942194DA288713810001A857 /* Debug */,
				942194DB288713810001A857 /* Release */,
			);
			defaultConfigurationIsVisible = 0;
			defaultConfigurationName = Release;
		};
/* End XCConfigurationList section */
	};
	rootObject = 942194C32887137E0001A857 /* Project object */;
}
